
Microsoft Visual Studio Solution File, Format Version 12.00
# Visual Studio 15
VisualStudioVersion = 15.0.26124.0
MinimumVisualStudioVersion = 15.0.26124.0
Project("{FAE04EC0-301F-11D3-BF4B-00C04F79EFBC}") = "GameLoanManager.API", "GameLoanManager.API\GameLoanManager.API.csproj", "{2CA8BCC4-3D7F-4544-80CA-1D7C7AC7A30E}"
EndProject
Project("{FAE04EC0-301F-11D3-BF4B-00C04F79EFBC}") = "GameLoanManager.Domain", "GameLoanManager.Domain\GameLoanManager.Domain.csproj", "{8F306602-3559-4405-AA6D-FC37B3DBA5C8}"
EndProject
Project("{FAE04EC0-301F-11D3-BF4B-00C04F79EFBC}") = "GameLoanManager.Test", "GameLoanManager.Test\GameLoanManager.Test.csproj", "{9D7926D3-B333-4979-992F-4D60B6893947}"
EndProject
Project("{FAE04EC0-301F-11D3-BF4B-00C04F79EFBC}") = "GameLoanManager.Data", "GameLoanManager.Data\GameLoanManager.Data.csproj", "{AA35E627-920D-410B-8C6B-58F22C8CB293}"
EndProject
Project("{FAE04EC0-301F-11D3-BF4B-00C04F79EFBC}") = "GameLoanManager.Service", "GameLoanManager.Service\GameLoanManager.Service.csproj", "{54EE5811-2484-435E-8E7E-003D9E6352A3}"
EndProject
Project("{FAE04EC0-301F-11D3-BF4B-00C04F79EFBC}") = "GameLoanManager.Helpers", "GameLoanManager.Helpers\GameLoanManager.Helpers.csproj", "{82FE0653-D574-4778-BD35-E2877AC0640A}"
EndProject
Global
	GlobalSection(SolutionConfigurationPlatforms) = preSolution
		Debug|Any CPU = Debug|Any CPU
		Debug|x64 = Debug|x64
		Debug|x86 = Debug|x86
		Release|Any CPU = Release|Any CPU
		Release|x64 = Release|x64
		Release|x86 = Release|x86
	EndGlobalSection
	GlobalSection(SolutionProperties) = preSolution
		HideSolutionNode = FALSE
	EndGlobalSection
	GlobalSection(ProjectConfigurationPlatforms) = postSolution
		{2CA8BCC4-3D7F-4544-80CA-1D7C7AC7A30E}.Debug|Any CPU.ActiveCfg = Debug|Any CPU
		{2CA8BCC4-3D7F-4544-80CA-1D7C7AC7A30E}.Debug|Any CPU.Build.0 = Debug|Any CPU
		{2CA8BCC4-3D7F-4544-80CA-1D7C7AC7A30E}.Debug|x64.ActiveCfg = Debug|Any CPU
		{2CA8BCC4-3D7F-4544-80CA-1D7C7AC7A30E}.Debug|x64.Build.0 = Debug|Any CPU
		{2CA8BCC4-3D7F-4544-80CA-1D7C7AC7A30E}.Debug|x86.ActiveCfg = Debug|Any CPU
		{2CA8BCC4-3D7F-4544-80CA-1D7C7AC7A30E}.Debug|x86.Build.0 = Debug|Any CPU
		{2CA8BCC4-3D7F-4544-80CA-1D7C7AC7A30E}.Release|Any CPU.ActiveCfg = Release|Any CPU
		{2CA8BCC4-3D7F-4544-80CA-1D7C7AC7A30E}.Release|Any CPU.Build.0 = Release|Any CPU
		{2CA8BCC4-3D7F-4544-80CA-1D7C7AC7A30E}.Release|x64.ActiveCfg = Release|Any CPU
		{2CA8BCC4-3D7F-4544-80CA-1D7C7AC7A30E}.Release|x64.Build.0 = Release|Any CPU
		{2CA8BCC4-3D7F-4544-80CA-1D7C7AC7A30E}.Release|x86.ActiveCfg = Release|Any CPU
		{2CA8BCC4-3D7F-4544-80CA-1D7C7AC7A30E}.Release|x86.Build.0 = Release|Any CPU
		{8F306602-3559-4405-AA6D-FC37B3DBA5C8}.Debug|Any CPU.ActiveCfg = Debug|Any CPU
		{8F306602-3559-4405-AA6D-FC37B3DBA5C8}.Debug|Any CPU.Build.0 = Debug|Any CPU
		{8F306602-3559-4405-AA6D-FC37B3DBA5C8}.Debug|x64.ActiveCfg = Debug|Any CPU
		{8F306602-3559-4405-AA6D-FC37B3DBA5C8}.Debug|x64.Build.0 = Debug|Any CPU
		{8F306602-3559-4405-AA6D-FC37B3DBA5C8}.Debug|x86.ActiveCfg = Debug|Any CPU
		{8F306602-3559-4405-AA6D-FC37B3DBA5C8}.Debug|x86.Build.0 = Debug|Any CPU
		{8F306602-3559-4405-AA6D-FC37B3DBA5C8}.Release|Any CPU.ActiveCfg = Release|Any CPU
		{8F306602-3559-4405-AA6D-FC37B3DBA5C8}.Release|Any CPU.Build.0 = Release|Any CPU
		{8F306602-3559-4405-AA6D-FC37B3DBA5C8}.Release|x64.ActiveCfg = Release|Any CPU
		{8F306602-3559-4405-AA6D-FC37B3DBA5C8}.Release|x64.Build.0 = Release|Any CPU
		{8F306602-3559-4405-AA6D-FC37B3DBA5C8}.Release|x86.ActiveCfg = Release|Any CPU
		{8F306602-3559-4405-AA6D-FC37B3DBA5C8}.Release|x86.Build.0 = Release|Any CPU
		{9D7926D3-B333-4979-992F-4D60B6893947}.Debug|Any CPU.ActiveCfg = Debug|Any CPU
		{9D7926D3-B333-4979-992F-4D60B6893947}.Debug|Any CPU.Build.0 = Debug|Any CPU
		{9D7926D3-B333-4979-992F-4D60B6893947}.Debug|x64.ActiveCfg = Debug|Any CPU
		{9D7926D3-B333-4979-992F-4D60B6893947}.Debug|x64.Build.0 = Debug|Any CPU
		{9D7926D3-B333-4979-992F-4D60B6893947}.Debug|x86.ActiveCfg = Debug|Any CPU
		{9D7926D3-B333-4979-992F-4D60B6893947}.Debug|x86.Build.0 = Debug|Any CPU
		{9D7926D3-B333-4979-992F-4D60B6893947}.Release|Any CPU.ActiveCfg = Release|Any CPU
		{9D7926D3-B333-4979-992F-4D60B6893947}.Release|Any CPU.Build.0 = Release|Any CPU
		{9D7926D3-B333-4979-992F-4D60B6893947}.Release|x64.ActiveCfg = Release|Any CPU
		{9D7926D3-B333-4979-992F-4D60B6893947}.Release|x64.Build.0 = Release|Any CPU
		{9D7926D3-B333-4979-992F-4D60B6893947}.Release|x86.ActiveCfg = Release|Any CPU
		{9D7926D3-B333-4979-992F-4D60B6893947}.Release|x86.Build.0 = Release|Any CPU
		{AA35E627-920D-410B-8C6B-58F22C8CB293}.Debug|Any CPU.ActiveCfg = Debug|Any CPU
		{AA35E627-920D-410B-8C6B-58F22C8CB293}.Debug|Any CPU.Build.0 = Debug|Any CPU
		{AA35E627-920D-410B-8C6B-58F22C8CB293}.Debug|x64.ActiveCfg = Debug|Any CPU
		{AA35E627-920D-410B-8C6B-58F22C8CB293}.Debug|x64.Build.0 = Debug|Any CPU
		{AA35E627-920D-410B-8C6B-58F22C8CB293}.Debug|x86.ActiveCfg = Debug|Any CPU
		{AA35E627-920D-410B-8C6B-58F22C8CB293}.Debug|x86.Build.0 = Debug|Any CPU
		{AA35E627-920D-410B-8C6B-58F22C8CB293}.Release|Any CPU.ActiveCfg = Release|Any CPU
		{AA35E627-920D-410B-8C6B-58F22C8CB293}.Release|Any CPU.Build.0 = Release|Any CPU
		{AA35E627-920D-410B-8C6B-58F22C8CB293}.Release|x64.ActiveCfg = Release|Any CPU
		{AA35E627-920D-410B-8C6B-58F22C8CB293}.Release|x64.Build.0 = Release|Any CPU
		{AA35E627-920D-410B-8C6B-58F22C8CB293}.Release|x86.ActiveCfg = Release|Any CPU
		{AA35E627-920D-410B-8C6B-58F22C8CB293}.Release|x86.Build.0 = Release|Any CPU
		{54EE5811-2484-435E-8E7E-003D9E6352A3}.Debug|Any CPU.ActiveCfg = Debug|Any CPU
		{54EE5811-2484-435E-8E7E-003D9E6352A3}.Debug|Any CPU.Build.0 = Debug|Any CPU
		{54EE5811-2484-435E-8E7E-003D9E6352A3}.Debug|x64.ActiveCfg = Debug|Any CPU
		{54EE5811-2484-435E-8E7E-003D9E6352A3}.Debug|x64.Build.0 = Debug|Any CPU
		{54EE5811-2484-435E-8E7E-003D9E6352A3}.Debug|x86.ActiveCfg = Debug|Any CPU
		{54EE5811-2484-435E-8E7E-003D9E6352A3}.Debug|x86.Build.0 = Debug|Any CPU
		{54EE5811-2484-435E-8E7E-003D9E6352A3}.Release|Any CPU.ActiveCfg = Release|Any CPU
		{54EE5811-2484-435E-8E7E-003D9E6352A3}.Release|Any CPU.Build.0 = Release|Any CPU
		{54EE5811-2484-435E-8E7E-003D9E6352A3}.Release|x64.ActiveCfg = Release|Any CPU
		{54EE5811-2484-435E-8E7E-003D9E6352A3}.Release|x64.Build.0 = Release|Any CPU
		{54EE5811-2484-435E-8E7E-003D9E6352A3}.Release|x86.ActiveCfg = Release|Any CPU
		{54EE5811-2484-435E-8E7E-003D9E6352A3}.Release|x86.Build.0 = Release|Any CPU
		{82FE0653-D574-4778-BD35-E2877AC0640A}.Debug|Any CPU.ActiveCfg = Debug|Any CPU
		{82FE0653-D574-4778-BD35-E2877AC0640A}.Debug|Any CPU.Build.0 = Debug|Any CPU
		{82FE0653-D574-4778-BD35-E2877AC0640A}.Debug|x64.ActiveCfg = Debug|Any CPU
		{82FE0653-D574-4778-BD35-E2877AC0640A}.Debug|x64.Build.0 = Debug|Any CPU
		{82FE0653-D574-4778-BD35-E2877AC0640A}.Debug|x86.ActiveCfg = Debug|Any CPU
		{82FE0653-D574-4778-BD35-E2877AC0640A}.Debug|x86.Build.0 = Debug|Any CPU
		{82FE0653-D574-4778-BD35-E2877AC0640A}.Release|Any CPU.ActiveCfg = Release|Any CPU
		{82FE0653-D574-4778-BD35-E2877AC0640A}.Release|Any CPU.Build.0 = Release|Any CPU
		{82FE0653-D574-4778-BD35-E2877AC0640A}.Release|x64.ActiveCfg = Release|Any CPU
		{82FE0653-D574-4778-BD35-E2877AC0640A}.Release|x64.Build.0 = Release|Any CPU
		{82FE0653-D574-4778-BD35-E2877AC0640A}.Release|x86.ActiveCfg = Release|Any CPU
		{82FE0653-D574-4778-BD35-E2877AC0640A}.Release|x86.Build.0 = Release|Any CPU
	EndGlobalSection
EndGlobal
